
Microsoft Visual Studio Solution File, Format Version 12.00
# Visual Studio Version 16
VisualStudioVersion = 16.0.31702.278
MinimumVisualStudioVersion = 10.0.40219.1
Project("{FAE04EC0-301F-11D3-BF4B-00C04F79EFBC}") = "MyContacts", "MyContacts.csproj", "{17121A8F-E310-45AB-8D91-278B598A5FA0}"
EndProject
Global
	GlobalSection(SolutionConfigurationPlatforms) = preSolution
		Debug|Any CPU = Debug|Any CPU
		Release|Any CPU = Release|Any CPU
	EndGlobalSection
	GlobalSection(ProjectConfigurationPlatforms) = postSolution
		{17121A8F-E310-45AB-8D91-278B598A5FA0}.Debug|Any CPU.ActiveCfg = Debug|Any CPU
		{17121A8F-E310-45AB-8D91-278B598A5FA0}.Debug|Any CPU.Build.0 = Debug|Any CPU
		{17121A8F-E310-45AB-8D91-278B598A5FA0}.Release|Any CPU.ActiveCfg = Release|Any CPU
		{17121A8F-E310-45AB-8D91-278B598A5FA0}.Release|Any CPU.Build.0 = Release|Any CPU
	EndGlobalSection
	GlobalSection(SolutionProperties) = preSolution
		HideSolutionNode = FALSE
	EndGlobalSection
	GlobalSection(ExtensibilityGlobals) = postSolution
		SolutionGuid = {48B5902B-1EB9-413A-897D-3EE795CDA807}
	EndGlobalSection
EndGlobal
